
Microsoft Visual Studio Solution File, Format Version 12.00
# Visual Studio Version 16
VisualStudioVersion = 16.0.34031.81
MinimumVisualStudioVersion = 10.0.40219.1
Project("{FAE04EC0-301F-11D3-BF4B-00C04F79EFBC}") = "ChatLan", "ChatLan\ChatLan.csproj", "{AC9C7520-2942-45B3-B33F-802180C11B8F}"
EndProject
Global
	GlobalSection(SolutionConfigurationPlatforms) = preSolution
		Debug|Any CPU = Debug|Any CPU
		Release|Any CPU = Release|Any CPU
	EndGlobalSection
	GlobalSection(ProjectConfigurationPlatforms) = postSolution
		{AC9C7520-2942-45B3-B33F-802180C11B8F}.Debug|Any CPU.ActiveCfg = Debug|Any CPU
		{AC9C7520-2942-45B3-B33F-802180C11B8F}.Debug|Any CPU.Build.0 = Debug|Any CPU
		{AC9C7520-2942-45B3-B33F-802180C11B8F}.Release|Any CPU.ActiveCfg = Release|Any CPU
		{AC9C7520-2942-45B3-B33F-802180C11B8F}.Release|Any CPU.Build.0 = Release|Any CPU
	EndGlobalSection
	GlobalSection(SolutionProperties) = preSolution
		HideSolutionNode = FALSE
	EndGlobalSection
	GlobalSection(ExtensibilityGlobals) = postSolution
		SolutionGuid = {92916F4B-EAAC-44F4-9BA6-A6CE93444F96}
	EndGlobalSection
EndGlobal
